// !$*UTF8*$!
{
	archiveVersion = 1;
	classes = {
	};
	objectVersion = 48;
	objects = {

/* Begin PBXBuildFile section */
		4C8B2B99B1D7CC421B81F8B6 /* libPods-LXMVVM.a in Frameworks */ = {isa = PBXBuildFile; fileRef = 7C8F424EC18CAACFEE9FCE57 /* libPods-LXMVVM.a */; };
		641D0453202177DC00FE3DB0 /* LXNavigationControllerStack.m in Sources */ = {isa = PBXBuildFile; fileRef = 641D0451202177DC00FE3DB0 /* LXNavigationControllerStack.m */; };
		641D048020218B5200FE3DB0 /* ThirdViewModel.m in Sources */ = {isa = PBXBuildFile; fileRef = 641D045720218B5200FE3DB0 /* ThirdViewModel.m */; };
		641D048120218B5200FE3DB0 /* ThirdViewController.xib in Resources */ = {isa = PBXBuildFile; fileRef = 641D045C20218B5200FE3DB0 /* ThirdViewController.xib */; };
		641D048220218B5200FE3DB0 /* ThirdViewController.m in Sources */ = {isa = PBXBuildFile; fileRef = 641D045D20218B5200FE3DB0 /* ThirdViewController.m */; };
		641D048320218B5200FE3DB0 /* Connector_C.m in Sources */ = {isa = PBXBuildFile; fileRef = 641D045E20218B5200FE3DB0 /* Connector_C.m */; };
		641D048420218B5200FE3DB0 /* SecondViewModel.m in Sources */ = {isa = PBXBuildFile; fileRef = 641D046120218B5200FE3DB0 /* SecondViewModel.m */; };
		641D048520218B5200FE3DB0 /* Connector_B.m in Sources */ = {isa = PBXBuildFile; fileRef = 641D046320218B5200FE3DB0 /* Connector_B.m */; };
		641D048620218B5200FE3DB0 /* SecondCell.m in Sources */ = {isa = PBXBuildFile; fileRef = 641D046820218B5200FE3DB0 /* SecondCell.m */; };
		641D048720218B5200FE3DB0 /* SecondCell.xib in Resources */ = {isa = PBXBuildFile; fileRef = 641D046920218B5200FE3DB0 /* SecondCell.xib */; };
		641D048820218B5200FE3DB0 /* SecondViewController.xib in Resources */ = {isa = PBXBuildFile; fileRef = 641D046B20218B5200FE3DB0 /* SecondViewController.xib */; };
		641D048920218B5200FE3DB0 /* SecondViewController.m in Sources */ = {isa = PBXBuildFile; fileRef = 641D046C20218B5200FE3DB0 /* SecondViewController.m */; };
		641D049720218B8300FE3DB0 /* LXHomePageViewController.m in Sources */ = {isa = PBXBuildFile; fileRef = 641D049420218B8200FE3DB0 /* LXHomePageViewController.m */; };
		641D049820218B8300FE3DB0 /* HomePageViewModel.m in Sources */ = {isa = PBXBuildFile; fileRef = 641D049620218B8300FE3DB0 /* HomePageViewModel.m */; };
		641D04A520218C8600FE3DB0 /* LXTableViewCellStyleValue1.m in Sources */ = {isa = PBXBuildFile; fileRef = 641D04A320218C8600FE3DB0 /* LXTableViewCellStyleValue1.m */; };
		641D04A620218C8600FE3DB0 /* LXTabBarController.m in Sources */ = {isa = PBXBuildFile; fileRef = 641D04A420218C8600FE3DB0 /* LXTabBarController.m */; };
		641D04B420218FC200FE3DB0 /* JianceListModel.m in Sources */ = {isa = PBXBuildFile; fileRef = 641D04B220218FC200FE3DB0 /* JianceListModel.m */; };
		643A52D3202197F500E57E68 /* FirstDetailViewModel.m in Sources */ = {isa = PBXBuildFile; fileRef = 643A52C0202197F400E57E68 /* FirstDetailViewModel.m */; };
		643A52D4202197F500E57E68 /* FirstViewModel.m in Sources */ = {isa = PBXBuildFile; fileRef = 643A52C1202197F400E57E68 /* FirstViewModel.m */; };
		643A52D5202197F500E57E68 /* Connector_A.m in Sources */ = {isa = PBXBuildFile; fileRef = 643A52C3202197F400E57E68 /* Connector_A.m */; };
		643A52D6202197F500E57E68 /* CommentModel.m in Sources */ = {isa = PBXBuildFile; fileRef = 643A52C6202197F400E57E68 /* CommentModel.m */; };
		643A52D7202197F500E57E68 /* SYDetailCell2.m in Sources */ = {isa = PBXBuildFile; fileRef = 643A52C9202197F400E57E68 /* SYDetailCell2.m */; };
		643A52D8202197F500E57E68 /* SYDetailCell2.xib in Resources */ = {isa = PBXBuildFile; fileRef = 643A52CA202197F400E57E68 /* SYDetailCell2.xib */; };
		643A52D9202197F500E57E68 /* FirstViewController.xib in Resources */ = {isa = PBXBuildFile; fileRef = 643A52CE202197F400E57E68 /* FirstViewController.xib */; };
		643A52DA202197F500E57E68 /* FirstDetailViewController.xib in Resources */ = {isa = PBXBuildFile; fileRef = 643A52CF202197F400E57E68 /* FirstDetailViewController.xib */; };
		643A52DB202197F500E57E68 /* FirstViewController.m in Sources */ = {isa = PBXBuildFile; fileRef = 643A52D0202197F400E57E68 /* FirstViewController.m */; };
		643A52DC202197F500E57E68 /* FirstDetailViewController.m in Sources */ = {isa = PBXBuildFile; fileRef = 643A52D1202197F400E57E68 /* FirstDetailViewController.m */; };
		6473AFAE2020611C004CF072 /* AppDelegate.m in Sources */ = {isa = PBXBuildFile; fileRef = 6473AFAD2020611C004CF072 /* AppDelegate.m */; };
		6473AFB62020611C004CF072 /* Assets.xcassets in Resources */ = {isa = PBXBuildFile; fileRef = 6473AFB52020611C004CF072 /* Assets.xcassets */; };
		6473AFBC2020611C004CF072 /* main.m in Sources */ = {isa = PBXBuildFile; fileRef = 6473AFBB2020611C004CF072 /* main.m */; };
		6473B057202064FB004CF072 /* LXTableViewController.m in Sources */ = {isa = PBXBuildFile; fileRef = 6473B01B202064FB004CF072 /* LXTableViewController.m */; };
		6473B059202064FB004CF072 /* LXViewModel.m in Sources */ = {isa = PBXBuildFile; fileRef = 6473B022202064FB004CF072 /* LXViewModel.m */; };
		6473B05A202064FB004CF072 /* LXTableViewModel.m in Sources */ = {isa = PBXBuildFile; fileRef = 6473B023202064FB004CF072 /* LXTableViewModel.m */; };
		6473B12220206652004CF072 /* LXBusMediator.m in Sources */ = {isa = PBXBuildFile; fileRef = 6473B11C20206652004CF072 /* LXBusMediator.m */; };
		6473B13220206B96004CF072 /* LXViewModelServicesImpl.m in Sources */ = {isa = PBXBuildFile; fileRef = 6473B12820206B96004CF072 /* LXViewModelServicesImpl.m */; };
		6485BC3B202072BF0098C50E /* LXModelServicesImpl.m in Sources */ = {isa = PBXBuildFile; fileRef = 6485BC3A202072BF0098C50E /* LXModelServicesImpl.m */; };
		6485BC3F202074660098C50E /* LXViewController.m in Sources */ = {isa = PBXBuildFile; fileRef = 6485BC3E202074660098C50E /* LXViewController.m */; };
		6B49E989205A51110026D50A /* UINavigationItem+MRCBackBarButtonItem.m in Sources */ = {isa = PBXBuildFile; fileRef = 6B49E964205A51110026D50A /* UINavigationItem+MRCBackBarButtonItem.m */; };
		6B49E98A205A51110026D50A /* Function.m in Sources */ = {isa = PBXBuildFile; fileRef = 6B49E967205A51110026D50A /* Function.m */; };
		6B49E98B205A51110026D50A /* LXRouter.m in Sources */ = {isa = PBXBuildFile; fileRef = 6B49E968205A51110026D50A /* LXRouter.m */; };
		6B49E98C205A51110026D50A /* LICENSE in Resources */ = {isa = PBXBuildFile; fileRef = 6B49E96F205A51110026D50A /* LICENSE */; };
		6B49E98D205A51110026D50A /* TWMessageBarManager.m in Sources */ = {isa = PBXBuildFile; fileRef = 6B49E971205A51110026D50A /* TWMessageBarManager.m */; };
		6B49E98E205A51110026D50A /* icon-info@2x.png in Resources */ = {isa = PBXBuildFile; fileRef = 6B49E973205A51110026D50A /* icon-info@2x.png */; };
		6B49E98F205A51110026D50A /* icon-error.png in Resources */ = {isa = PBXBuildFile; fileRef = 6B49E974205A51110026D50A /* icon-error.png */; };
		6B49E990205A51110026D50A /* icon-info.png in Resources */ = {isa = PBXBuildFile; fileRef = 6B49E975205A51110026D50A /* icon-info.png */; };
		6B49E991205A51110026D50A /* icon-success@2x.png in Resources */ = {isa = PBXBuildFile; fileRef = 6B49E976205A51110026D50A /* icon-success@2x.png */; };
		6B49E992205A51110026D50A /* icon-error@2x.png in Resources */ = {isa = PBXBuildFile; fileRef = 6B49E977205A51110026D50A /* icon-error@2x.png */; };
		6B49E993205A51110026D50A /* icon-success.png in Resources */ = {isa = PBXBuildFile; fileRef = 6B49E978205A51110026D50A /* icon-success.png */; };
		6B49E994205A51110026D50A /* README.md in Resources */ = {isa = PBXBuildFile; fileRef = 6B49E97A205A51110026D50A /* README.md */; };
		6B49E995205A51110026D50A /* UIViewExt.m in Sources */ = {isa = PBXBuildFile; fileRef = 6B49E97C205A51110026D50A /* UIViewExt.m */; };
		6B49E996205A51110026D50A /* more_s@3x.png in Resources */ = {isa = PBXBuildFile; fileRef = 6B49E980205A51110026D50A /* more_s@3x.png */; };
		6B49E997205A51110026D50A /* home_s@3x.png in Resources */ = {isa = PBXBuildFile; fileRef = 6B49E981205A51110026D50A /* home_s@3x.png */; };
		6B49E998205A51110026D50A /* mine_s@3x.png in Resources */ = {isa = PBXBuildFile; fileRef = 6B49E982205A51110026D50A /* mine_s@3x.png */; };
		6B49E999205A51110026D50A /* money_s@3x.png in Resources */ = {isa = PBXBuildFile; fileRef = 6B49E983205A51110026D50A /* money_s@3x.png */; };
		6B49E99A205A51110026D50A /* more_s@2x.png in Resources */ = {isa = PBXBuildFile; fileRef = 6B49E985205A51110026D50A /* more_s@2x.png */; };
		6B49E99B205A51110026D50A /* mine_s@2x.png in Resources */ = {isa = PBXBuildFile; fileRef = 6B49E986205A51110026D50A /* mine_s@2x.png */; };
		6B49E99C205A51110026D50A /* home_s@2x.png in Resources */ = {isa = PBXBuildFile; fileRef = 6B49E987205A51110026D50A /* home_s@2x.png */; };
		6B49E99D205A51110026D50A /* money_s@2x.png in Resources */ = {isa = PBXBuildFile; fileRef = 6B49E988205A51110026D50A /* money_s@2x.png */; };
/* End PBXBuildFile section */

/* Begin PBXFileReference section */
		641D0451202177DC00FE3DB0 /* LXNavigationControllerStack.m */ = {isa = PBXFileReference; fileEncoding = 4; lastKnownFileType = sourcecode.c.objc; path = LXNavigationControllerStack.m; sourceTree = "<group>"; };
		641D0452202177DC00FE3DB0 /* LXNavigationControllerStack.h */ = {isa = PBXFileReference; fileEncoding = 4; lastKnownFileType = sourcecode.c.h; path = LXNavigationControllerStack.h; sourceTree = "<group>"; };
		641D045720218B5200FE3DB0 /* ThirdViewModel.m */ = {isa = PBXFileReference; fileEncoding = 4; lastKnownFileType = sourcecode.c.objc; path = ThirdViewModel.m; sourceTree = "<group>"; };
		641D045820218B5200FE3DB0 /* ThirdViewModel.h */ = {isa = PBXFileReference; fileEncoding = 4; lastKnownFileType = sourcecode.c.h; path = ThirdViewModel.h; sourceTree = "<group>"; };
		641D045920218B5200FE3DB0 /* Connector_C.h */ = {isa = PBXFileReference; fileEncoding = 4; lastKnownFileType = sourcecode.c.h; path = Connector_C.h; sourceTree = "<group>"; };
		641D045B20218B5200FE3DB0 /* ThirdViewController.h */ = {isa = PBXFileReference; fileEncoding = 4; lastKnownFileType = sourcecode.c.h; path = ThirdViewController.h; sourceTree = "<group>"; };
		641D045C20218B5200FE3DB0 /* ThirdViewController.xib */ = {isa = PBXFileReference; fileEncoding = 4; lastKnownFileType = file.xib; path = ThirdViewController.xib; sourceTree = "<group>"; };
		641D045D20218B5200FE3DB0 /* ThirdViewController.m */ = {isa = PBXFileReference; fileEncoding = 4; lastKnownFileType = sourcecode.c.objc; path = ThirdViewController.m; sourceTree = "<group>"; };
		641D045E20218B5200FE3DB0 /* Connector_C.m */ = {isa = PBXFileReference; fileEncoding = 4; lastKnownFileType = sourcecode.c.objc; path = Connector_C.m; sourceTree = "<group>"; };
		641D046120218B5200FE3DB0 /* SecondViewModel.m */ = {isa = PBXFileReference; fileEncoding = 4; lastKnownFileType = sourcecode.c.objc; path = SecondViewModel.m; sourceTree = "<group>"; };
		641D046220218B5200FE3DB0 /* SecondViewModel.h */ = {isa = PBXFileReference; fileEncoding = 4; lastKnownFileType = sourcecode.c.h; path = SecondViewModel.h; sourceTree = "<group>"; };
		641D046320218B5200FE3DB0 /* Connector_B.m */ = {isa = PBXFileReference; fileEncoding = 4; lastKnownFileType = sourcecode.c.objc; path = Connector_B.m; sourceTree = "<group>"; };
		641D046420218B5200FE3DB0 /* Connector_B.h */ = {isa = PBXFileReference; fileEncoding = 4; lastKnownFileType = sourcecode.c.h; path = Connector_B.h; sourceTree = "<group>"; };
		641D046720218B5200FE3DB0 /* SecondCell.h */ = {isa = PBXFileReference; fileEncoding = 4; lastKnownFileType = sourcecode.c.h; path = SecondCell.h; sourceTree = "<group>"; };
		641D046820218B5200FE3DB0 /* SecondCell.m */ = {isa = PBXFileReference; fileEncoding = 4; lastKnownFileType = sourcecode.c.objc; path = SecondCell.m; sourceTree = "<group>"; };
		641D046920218B5200FE3DB0 /* SecondCell.xib */ = {isa = PBXFileReference; fileEncoding = 4; lastKnownFileType = file.xib; path = SecondCell.xib; sourceTree = "<group>"; };
		641D046A20218B5200FE3DB0 /* SecondViewController.h */ = {isa = PBXFileReference; fileEncoding = 4; lastKnownFileType = sourcecode.c.h; path = SecondViewController.h; sourceTree = "<group>"; };
		641D046B20218B5200FE3DB0 /* SecondViewController.xib */ = {isa = PBXFileReference; fileEncoding = 4; lastKnownFileType = file.xib; path = SecondViewController.xib; sourceTree = "<group>"; };
		641D046C20218B5200FE3DB0 /* SecondViewController.m */ = {isa = PBXFileReference; fileEncoding = 4; lastKnownFileType = sourcecode.c.objc; path = SecondViewController.m; sourceTree = "<group>"; };
		641D049320218B8200FE3DB0 /* HomePageViewModel.h */ = {isa = PBXFileReference; fileEncoding = 4; lastKnownFileType = sourcecode.c.h; path = HomePageViewModel.h; sourceTree = "<group>"; };
		641D049420218B8200FE3DB0 /* LXHomePageViewController.m */ = {isa = PBXFileReference; fileEncoding = 4; lastKnownFileType = sourcecode.c.objc; path = LXHomePageViewController.m; sourceTree = "<group>"; };
		641D049520218B8200FE3DB0 /* LXHomePageViewController.h */ = {isa = PBXFileReference; fileEncoding = 4; lastKnownFileType = sourcecode.c.h; path = LXHomePageViewController.h; sourceTree = "<group>"; };
		641D049620218B8300FE3DB0 /* HomePageViewModel.m */ = {isa = PBXFileReference; fileEncoding = 4; lastKnownFileType = sourcecode.c.objc; path = HomePageViewModel.m; sourceTree = "<group>"; };
		641D04A020218C8600FE3DB0 /* LXTabBarController.h */ = {isa = PBXFileReference; fileEncoding = 4; lastKnownFileType = sourcecode.c.h; path = LXTabBarController.h; sourceTree = "<group>"; };
		641D04A220218C8600FE3DB0 /* LXTableViewCellStyleValue1.h */ = {isa = PBXFileReference; fileEncoding = 4; lastKnownFileType = sourcecode.c.h; path = LXTableViewCellStyleValue1.h; sourceTree = "<group>"; };
		641D04A320218C8600FE3DB0 /* LXTableViewCellStyleValue1.m */ = {isa = PBXFileReference; fileEncoding = 4; lastKnownFileType = sourcecode.c.objc; path = LXTableViewCellStyleValue1.m; sourceTree = "<group>"; };
		641D04A420218C8600FE3DB0 /* LXTabBarController.m */ = {isa = PBXFileReference; fileEncoding = 4; lastKnownFileType = sourcecode.c.objc; path = LXTabBarController.m; sourceTree = "<group>"; };
		641D04B220218FC200FE3DB0 /* JianceListModel.m */ = {isa = PBXFileReference; fileEncoding = 4; lastKnownFileType = sourcecode.c.objc; path = JianceListModel.m; sourceTree = "<group>"; };
		641D04B320218FC200FE3DB0 /* JianceListModel.h */ = {isa = PBXFileReference; fileEncoding = 4; lastKnownFileType = sourcecode.c.h; path = JianceListModel.h; sourceTree = "<group>"; };
		643A52BF202197F400E57E68 /* FirstViewModel.h */ = {isa = PBXFileReference; fileEncoding = 4; lastKnownFileType = sourcecode.c.h; path = FirstViewModel.h; sourceTree = "<group>"; };
		643A52C0202197F400E57E68 /* FirstDetailViewModel.m */ = {isa = PBXFileReference; fileEncoding = 4; lastKnownFileType = sourcecode.c.objc; path = FirstDetailViewModel.m; sourceTree = "<group>"; };
		643A52C1202197F400E57E68 /* FirstViewModel.m */ = {isa = PBXFileReference; fileEncoding = 4; lastKnownFileType = sourcecode.c.objc; path = FirstViewModel.m; sourceTree = "<group>"; };
		643A52C2202197F400E57E68 /* FirstDetailViewModel.h */ = {isa = PBXFileReference; fileEncoding = 4; lastKnownFileType = sourcecode.c.h; path = FirstDetailViewModel.h; sourceTree = "<group>"; };
		643A52C3202197F400E57E68 /* Connector_A.m */ = {isa = PBXFileReference; fileEncoding = 4; lastKnownFileType = sourcecode.c.objc; path = Connector_A.m; sourceTree = "<group>"; };
		643A52C5202197F400E57E68 /* CommentModel.h */ = {isa = PBXFileReference; fileEncoding = 4; lastKnownFileType = sourcecode.c.h; path = CommentModel.h; sourceTree = "<group>"; };
		643A52C6202197F400E57E68 /* CommentModel.m */ = {isa = PBXFileReference; fileEncoding = 4; lastKnownFileType = sourcecode.c.objc; path = CommentModel.m; sourceTree = "<group>"; };
		643A52C9202197F400E57E68 /* SYDetailCell2.m */ = {isa = PBXFileReference; fileEncoding = 4; lastKnownFileType = sourcecode.c.objc; path = SYDetailCell2.m; sourceTree = "<group>"; };
		643A52CA202197F400E57E68 /* SYDetailCell2.xib */ = {isa = PBXFileReference; fileEncoding = 4; lastKnownFileType = file.xib; path = SYDetailCell2.xib; sourceTree = "<group>"; };
		643A52CB202197F400E57E68 /* SYDetailCell2.h */ = {isa = PBXFileReference; fileEncoding = 4; lastKnownFileType = sourcecode.c.h; path = SYDetailCell2.h; sourceTree = "<group>"; };
		643A52CC202197F400E57E68 /* FirstViewController.h */ = {isa = PBXFileReference; fileEncoding = 4; lastKnownFileType = sourcecode.c.h; path = FirstViewController.h; sourceTree = "<group>"; };
		643A52CD202197F400E57E68 /* FirstDetailViewController.h */ = {isa = PBXFileReference; fileEncoding = 4; lastKnownFileType = sourcecode.c.h; path = FirstDetailViewController.h; sourceTree = "<group>"; };
		643A52CE202197F400E57E68 /* FirstViewController.xib */ = {isa = PBXFileReference; fileEncoding = 4; lastKnownFileType = file.xib; path = FirstViewController.xib; sourceTree = "<group>"; };
		643A52CF202197F400E57E68 /* FirstDetailViewController.xib */ = {isa = PBXFileReference; fileEncoding = 4; lastKnownFileType = file.xib; path = FirstDetailViewController.xib; sourceTree = "<group>"; };
		643A52D0202197F400E57E68 /* FirstViewController.m */ = {isa = PBXFileReference; fileEncoding = 4; lastKnownFileType = sourcecode.c.objc; path = FirstViewController.m; sourceTree = "<group>"; };
		643A52D1202197F400E57E68 /* FirstDetailViewController.m */ = {isa = PBXFileReference; fileEncoding = 4; lastKnownFileType = sourcecode.c.objc; path = FirstDetailViewController.m; sourceTree = "<group>"; };
		643A52D2202197F400E57E68 /* Connector_A.h */ = {isa = PBXFileReference; fileEncoding = 4; lastKnownFileType = sourcecode.c.h; path = Connector_A.h; sourceTree = "<group>"; };
		6473AFA92020611C004CF072 /* LXMVVM.app */ = {isa = PBXFileReference; explicitFileType = wrapper.application; includeInIndex = 0; path = LXMVVM.app; sourceTree = BUILT_PRODUCTS_DIR; };
		6473AFAC2020611C004CF072 /* AppDelegate.h */ = {isa = PBXFileReference; lastKnownFileType = sourcecode.c.h; path = AppDelegate.h; sourceTree = "<group>"; };
		6473AFAD2020611C004CF072 /* AppDelegate.m */ = {isa = PBXFileReference; lastKnownFileType = sourcecode.c.objc; path = AppDelegate.m; sourceTree = "<group>"; };
		6473AFB52020611C004CF072 /* Assets.xcassets */ = {isa = PBXFileReference; lastKnownFileType = folder.assetcatalog; path = Assets.xcassets; sourceTree = "<group>"; };
		6473AFBA2020611C004CF072 /* Info.plist */ = {isa = PBXFileReference; lastKnownFileType = text.plist.xml; path = Info.plist; sourceTree = "<group>"; };
		6473AFBB2020611C004CF072 /* main.m */ = {isa = PBXFileReference; lastKnownFileType = sourcecode.c.objc; path = main.m; sourceTree = "<group>"; };
		6473B01B202064FB004CF072 /* LXTableViewController.m */ = {isa = PBXFileReference; fileEncoding = 4; lastKnownFileType = sourcecode.c.objc; path = LXTableViewController.m; sourceTree = "<group>"; };
		6473B01E202064FB004CF072 /* LXTableViewController.h */ = {isa = PBXFileReference; fileEncoding = 4; lastKnownFileType = sourcecode.c.h; path = LXTableViewController.h; sourceTree = "<group>"; };
		6473B020202064FB004CF072 /* LXViewModel.h */ = {isa = PBXFileReference; fileEncoding = 4; lastKnownFileType = sourcecode.c.h; path = LXViewModel.h; sourceTree = "<group>"; };
		6473B021202064FB004CF072 /* LXTableViewModel.h */ = {isa = PBXFileReference; fileEncoding = 4; lastKnownFileType = sourcecode.c.h; path = LXTableViewModel.h; sourceTree = "<group>"; };
		6473B022202064FB004CF072 /* LXViewModel.m */ = {isa = PBXFileReference; fileEncoding = 4; lastKnownFileType = sourcecode.c.objc; path = LXViewModel.m; sourceTree = "<group>"; };
		6473B023202064FB004CF072 /* LXTableViewModel.m */ = {isa = PBXFileReference; fileEncoding = 4; lastKnownFileType = sourcecode.c.objc; path = LXTableViewModel.m; sourceTree = "<group>"; };
		6473B11C20206652004CF072 /* LXBusMediator.m */ = {isa = PBXFileReference; fileEncoding = 4; lastKnownFileType = sourcecode.c.objc; path = LXBusMediator.m; sourceTree = "<group>"; };
		6473B11D20206652004CF072 /* LXBusConnectorPrt.h */ = {isa = PBXFileReference; fileEncoding = 4; lastKnownFileType = sourcecode.c.h; path = LXBusConnectorPrt.h; sourceTree = "<group>"; };
		6473B12120206652004CF072 /* LXBusMediator.h */ = {isa = PBXFileReference; fileEncoding = 4; lastKnownFileType = sourcecode.c.h; path = LXBusMediator.h; sourceTree = "<group>"; };
		6473B126202066C4004CF072 /* PrefixHeader.pch */ = {isa = PBXFileReference; fileEncoding = 4; lastKnownFileType = sourcecode.c.h; path = PrefixHeader.pch; sourceTree = "<group>"; };
		6473B12820206B96004CF072 /* LXViewModelServicesImpl.m */ = {isa = PBXFileReference; fileEncoding = 4; lastKnownFileType = sourcecode.c.objc; path = LXViewModelServicesImpl.m; sourceTree = "<group>"; };
		6473B12920206B96004CF072 /* LXViewModelProtocol.h */ = {isa = PBXFileReference; fileEncoding = 4; lastKnownFileType = sourcecode.c.h; path = LXViewModelProtocol.h; sourceTree = "<group>"; };
		6473B12A20206B96004CF072 /* LXViewModelServices.h */ = {isa = PBXFileReference; fileEncoding = 4; lastKnownFileType = sourcecode.c.h; path = LXViewModelServices.h; sourceTree = "<group>"; };
		6473B12B20206B96004CF072 /* LXViewModelServicesImpl.h */ = {isa = PBXFileReference; fileEncoding = 4; lastKnownFileType = sourcecode.c.h; path = LXViewModelServicesImpl.h; sourceTree = "<group>"; };
		6473B12D20206B96004CF072 /* LXModelServices.h */ = {isa = PBXFileReference; fileEncoding = 4; lastKnownFileType = sourcecode.c.h; path = LXModelServices.h; sourceTree = "<group>"; };
		6485BC39202072BF0098C50E /* LXModelServicesImpl.h */ = {isa = PBXFileReference; lastKnownFileType = sourcecode.c.h; path = LXModelServicesImpl.h; sourceTree = "<group>"; };
		6485BC3A202072BF0098C50E /* LXModelServicesImpl.m */ = {isa = PBXFileReference; lastKnownFileType = sourcecode.c.objc; path = LXModelServicesImpl.m; sourceTree = "<group>"; };
		6485BC3C202073BD0098C50E /* LXViewProtocol.h */ = {isa = PBXFileReference; lastKnownFileType = sourcecode.c.h; path = LXViewProtocol.h; sourceTree = "<group>"; };
		6485BC3D202074660098C50E /* LXViewController.h */ = {isa = PBXFileReference; lastKnownFileType = sourcecode.c.h; path = LXViewController.h; sourceTree = "<group>"; };
		6485BC3E202074660098C50E /* LXViewController.m */ = {isa = PBXFileReference; lastKnownFileType = sourcecode.c.objc; path = LXViewController.m; sourceTree = "<group>"; };
		6B49E963205A51110026D50A /* UINavigationItem+MRCBackBarButtonItem.h */ = {isa = PBXFileReference; fileEncoding = 4; lastKnownFileType = sourcecode.c.h; path = "UINavigationItem+MRCBackBarButtonItem.h"; sourceTree = "<group>"; };
		6B49E964205A51110026D50A /* UINavigationItem+MRCBackBarButtonItem.m */ = {isa = PBXFileReference; fileEncoding = 4; lastKnownFileType = sourcecode.c.objc; path = "UINavigationItem+MRCBackBarButtonItem.m"; sourceTree = "<group>"; };
		6B49E966205A51110026D50A /* LXRouter.h */ = {isa = PBXFileReference; fileEncoding = 4; lastKnownFileType = sourcecode.c.h; path = LXRouter.h; sourceTree = "<group>"; };
		6B49E967205A51110026D50A /* Function.m */ = {isa = PBXFileReference; fileEncoding = 4; lastKnownFileType = sourcecode.c.objc; path = Function.m; sourceTree = "<group>"; };
		6B49E968205A51110026D50A /* LXRouter.m */ = {isa = PBXFileReference; fileEncoding = 4; lastKnownFileType = sourcecode.c.objc; path = LXRouter.m; sourceTree = "<group>"; };
		6B49E969205A51110026D50A /* Function.h */ = {isa = PBXFileReference; fileEncoding = 4; lastKnownFileType = sourcecode.c.h; path = Function.h; sourceTree = "<group>"; };
		6B49E96B205A51110026D50A /* LX_Headers.h */ = {isa = PBXFileReference; fileEncoding = 4; lastKnownFileType = sourcecode.c.h; path = LX_Headers.h; sourceTree = "<group>"; };
		6B49E96C205A51110026D50A /* LX_Constant.h */ = {isa = PBXFileReference; fileEncoding = 4; lastKnownFileType = sourcecode.c.h; path = LX_Constant.h; sourceTree = "<group>"; };
		6B49E96F205A51110026D50A /* LICENSE */ = {isa = PBXFileReference; fileEncoding = 4; lastKnownFileType = text; path = LICENSE; sourceTree = "<group>"; };
		6B49E971205A51110026D50A /* TWMessageBarManager.m */ = {isa = PBXFileReference; fileEncoding = 4; lastKnownFileType = sourcecode.c.objc; path = TWMessageBarManager.m; sourceTree = "<group>"; };
		6B49E973205A51110026D50A /* icon-info@2x.png */ = {isa = PBXFileReference; lastKnownFileType = image.png; path = "icon-info@2x.png"; sourceTree = "<group>"; };
		6B49E974205A51110026D50A /* icon-error.png */ = {isa = PBXFileReference; lastKnownFileType = image.png; path = "icon-error.png"; sourceTree = "<group>"; };
		6B49E975205A51110026D50A /* icon-info.png */ = {isa = PBXFileReference; lastKnownFileType = image.png; path = "icon-info.png"; sourceTree = "<group>"; };
		6B49E976205A51110026D50A /* icon-success@2x.png */ = {isa = PBXFileReference; lastKnownFileType = image.png; path = "icon-success@2x.png"; sourceTree = "<group>"; };
		6B49E977205A51110026D50A /* icon-error@2x.png */ = {isa = PBXFileReference; lastKnownFileType = image.png; path = "icon-error@2x.png"; sourceTree = "<group>"; };
		6B49E978205A51110026D50A /* icon-success.png */ = {isa = PBXFileReference; lastKnownFileType = image.png; path = "icon-success.png"; sourceTree = "<group>"; };
		6B49E979205A51110026D50A /* TWMessageBarManager.h */ = {isa = PBXFileReference; fileEncoding = 4; lastKnownFileType = sourcecode.c.h; path = TWMessageBarManager.h; sourceTree = "<group>"; };
		6B49E97A205A51110026D50A /* README.md */ = {isa = PBXFileReference; fileEncoding = 4; lastKnownFileType = net.daringfireball.markdown; path = README.md; sourceTree = "<group>"; };
		6B49E97C205A51110026D50A /* UIViewExt.m */ = {isa = PBXFileReference; fileEncoding = 4; lastKnownFileType = sourcecode.c.objc; path = UIViewExt.m; sourceTree = "<group>"; };
		6B49E97D205A51110026D50A /* UIViewExt.h */ = {isa = PBXFileReference; fileEncoding = 4; lastKnownFileType = sourcecode.c.h; path = UIViewExt.h; sourceTree = "<group>"; };
		6B49E980205A51110026D50A /* more_s@3x.png */ = {isa = PBXFileReference; lastKnownFileType = image.png; path = "more_s@3x.png"; sourceTree = "<group>"; };
		6B49E981205A51110026D50A /* home_s@3x.png */ = {isa = PBXFileReference; lastKnownFileType = image.png; path = "home_s@3x.png"; sourceTree = "<group>"; };
		6B49E982205A51110026D50A /* mine_s@3x.png */ = {isa = PBXFileReference; lastKnownFileType = image.png; path = "mine_s@3x.png"; sourceTree = "<group>"; };
		6B49E983205A51110026D50A /* money_s@3x.png */ = {isa = PBXFileReference; lastKnownFileType = image.png; path = "money_s@3x.png"; sourceTree = "<group>"; };
		6B49E985205A51110026D50A /* more_s@2x.png */ = {isa = PBXFileReference; lastKnownFileType = image.png; path = "more_s@2x.png"; sourceTree = "<group>"; };
		6B49E986205A51110026D50A /* mine_s@2x.png */ = {isa = PBXFileReference; lastKnownFileType = image.png; path = "mine_s@2x.png"; sourceTree = "<group>"; };
		6B49E987205A51110026D50A /* home_s@2x.png */ = {isa = PBXFileReference; lastKnownFileType = image.png; path = "home_s@2x.png"; sourceTree = "<group>"; };
		6B49E988205A51110026D50A /* money_s@2x.png */ = {isa = PBXFileReference; lastKnownFileType = image.png; path = "money_s@2x.png"; sourceTree = "<group>"; };
		7C8F424EC18CAACFEE9FCE57 /* libPods-LXMVVM.a */ = {isa = PBXFileReference; explicitFileType = archive.ar; includeInIndex = 0; path = "libPods-LXMVVM.a"; sourceTree = BUILT_PRODUCTS_DIR; };
		A192EC86F1FBECF832461DA2 /* Pods-LXMVVM.release.xcconfig */ = {isa = PBXFileReference; includeInIndex = 1; lastKnownFileType = text.xcconfig; name = "Pods-LXMVVM.release.xcconfig"; path = "Pods/Target Support Files/Pods-LXMVVM/Pods-LXMVVM.release.xcconfig"; sourceTree = "<group>"; };
		AAB52764A04167D66495419D /* Pods-LXMVVM.debug.xcconfig */ = {isa = PBXFileReference; includeInIndex = 1; lastKnownFileType = text.xcconfig; name = "Pods-LXMVVM.debug.xcconfig"; path = "Pods/Target Support Files/Pods-LXMVVM/Pods-LXMVVM.debug.xcconfig"; sourceTree = "<group>"; };
/* End PBXFileReference section */

/* Begin PBXFrameworksBuildPhase section */
		6473AFA62020611C004CF072 /* Frameworks */ = {
			isa = PBXFrameworksBuildPhase;
			buildActionMask = 2147483647;
			files = (
				4C8B2B99B1D7CC421B81F8B6 /* libPods-LXMVVM.a in Frameworks */,
			);
			runOnlyForDeploymentPostprocessing = 0;
		};
/* End PBXFrameworksBuildPhase section */

/* Begin PBXGroup section */
		0EBA276731F236CEED769A29 /* Pods */ = {
			isa = PBXGroup;
			children = (
				AAB52764A04167D66495419D /* Pods-LXMVVM.debug.xcconfig */,
				A192EC86F1FBECF832461DA2 /* Pods-LXMVVM.release.xcconfig */,
			);
			name = Pods;
			sourceTree = "<group>";
		};
		641D045420218B5200FE3DB0 /* Connectors */ = {
			isa = PBXGroup;
			children = (
				643A52BD202197F400E57E68 /* Connector_A */,
				641D045F20218B5200FE3DB0 /* Connector_B */,
				641D045520218B5200FE3DB0 /* Connector_C */,
			);
			path = Connectors;
			sourceTree = "<group>";
		};
		641D045520218B5200FE3DB0 /* Connector_C */ = {
			isa = PBXGroup;
			children = (
				641D045920218B5200FE3DB0 /* Connector_C.h */,
				641D045E20218B5200FE3DB0 /* Connector_C.m */,
				641D04B520218FE800FE3DB0 /* Models */,
				641D045A20218B5200FE3DB0 /* Views */,
				641D045620218B5200FE3DB0 /* ViewModels */,
			);
			path = Connector_C;
			sourceTree = "<group>";
		};
		641D045620218B5200FE3DB0 /* ViewModels */ = {
			isa = PBXGroup;
			children = (
				641D045820218B5200FE3DB0 /* ThirdViewModel.h */,
				641D045720218B5200FE3DB0 /* ThirdViewModel.m */,
			);
			path = ViewModels;
			sourceTree = "<group>";
		};
		641D045A20218B5200FE3DB0 /* Views */ = {
			isa = PBXGroup;
			children = (
				641D045B20218B5200FE3DB0 /* ThirdViewController.h */,
				641D045D20218B5200FE3DB0 /* ThirdViewController.m */,
				641D045C20218B5200FE3DB0 /* ThirdViewController.xib */,
			);
			path = Views;
			sourceTree = "<group>";
		};
		641D045F20218B5200FE3DB0 /* Connector_B */ = {
			isa = PBXGroup;
			children = (
				641D046420218B5200FE3DB0 /* Connector_B.h */,
				641D046320218B5200FE3DB0 /* Connector_B.m */,
				641D04B120218FC200FE3DB0 /* Models */,
				641D046520218B5200FE3DB0 /* Views */,
				641D046020218B5200FE3DB0 /* ViewModels */,
			);
			path = Connector_B;
			sourceTree = "<group>";
		};
		641D046020218B5200FE3DB0 /* ViewModels */ = {
			isa = PBXGroup;
			children = (
				641D046220218B5200FE3DB0 /* SecondViewModel.h */,
				641D046120218B5200FE3DB0 /* SecondViewModel.m */,
			);
			path = ViewModels;
			sourceTree = "<group>";
		};
		641D046520218B5200FE3DB0 /* Views */ = {
			isa = PBXGroup;
			children = (
				641D046A20218B5200FE3DB0 /* SecondViewController.h */,
				641D046C20218B5200FE3DB0 /* SecondViewController.m */,
				641D046B20218B5200FE3DB0 /* SecondViewController.xib */,
				641D046620218B5200FE3DB0 /* UITableViewCell */,
			);
			path = Views;
			sourceTree = "<group>";
		};
		641D046620218B5200FE3DB0 /* UITableViewCell */ = {
			isa = PBXGroup;
			children = (
				641D046720218B5200FE3DB0 /* SecondCell.h */,
				641D046820218B5200FE3DB0 /* SecondCell.m */,
				641D046920218B5200FE3DB0 /* SecondCell.xib */,
			);
			path = UITableViewCell;
			sourceTree = "<group>";
		};
		641D04A120218C8600FE3DB0 /* Views */ = {
			isa = PBXGroup;
			children = (
				641D04A220218C8600FE3DB0 /* LXTableViewCellStyleValue1.h */,
				641D04A320218C8600FE3DB0 /* LXTableViewCellStyleValue1.m */,
			);
			path = Views;
			sourceTree = "<group>";
		};
		641D04B120218FC200FE3DB0 /* Models */ = {
			isa = PBXGroup;
			children = (
				641D04B320218FC200FE3DB0 /* JianceListModel.h */,
				641D04B220218FC200FE3DB0 /* JianceListModel.m */,
			);
			path = Models;
			sourceTree = "<group>";
		};
		641D04B520218FE800FE3DB0 /* Models */ = {
			isa = PBXGroup;
			children = (
			);
			path = Models;
			sourceTree = "<group>";
		};
		643A52BD202197F400E57E68 /* Connector_A */ = {
			isa = PBXGroup;
			children = (
				643A52D2202197F400E57E68 /* Connector_A.h */,
				643A52C3202197F400E57E68 /* Connector_A.m */,
				643A52C4202197F400E57E68 /* Models */,
				643A52C7202197F400E57E68 /* Views */,
				643A52BE202197F400E57E68 /* ViewModels */,
			);
			path = Connector_A;
			sourceTree = "<group>";
		};
		643A52BE202197F400E57E68 /* ViewModels */ = {
			isa = PBXGroup;
			children = (
				643A52C2202197F400E57E68 /* FirstDetailViewModel.h */,
				643A52C0202197F400E57E68 /* FirstDetailViewModel.m */,
				643A52BF202197F400E57E68 /* FirstViewModel.h */,
				643A52C1202197F400E57E68 /* FirstViewModel.m */,
			);
			path = ViewModels;
			sourceTree = "<group>";
		};
		643A52C4202197F400E57E68 /* Models */ = {
			isa = PBXGroup;
			children = (
				643A52C5202197F400E57E68 /* CommentModel.h */,
				643A52C6202197F400E57E68 /* CommentModel.m */,
			);
			path = Models;
			sourceTree = "<group>";
		};
		643A52C7202197F400E57E68 /* Views */ = {
			isa = PBXGroup;
			children = (
				643A52CD202197F400E57E68 /* FirstDetailViewController.h */,
				643A52D1202197F400E57E68 /* FirstDetailViewController.m */,
				643A52CF202197F400E57E68 /* FirstDetailViewController.xib */,
				643A52CC202197F400E57E68 /* FirstViewController.h */,
				643A52D0202197F400E57E68 /* FirstViewController.m */,
				643A52CE202197F400E57E68 /* FirstViewController.xib */,
				643A52C8202197F400E57E68 /* UITableViewCell */,
			);
			path = Views;
			sourceTree = "<group>";
		};
		643A52C8202197F400E57E68 /* UITableViewCell */ = {
			isa = PBXGroup;
			children = (
				643A52CB202197F400E57E68 /* SYDetailCell2.h */,
				643A52C9202197F400E57E68 /* SYDetailCell2.m */,
				643A52CA202197F400E57E68 /* SYDetailCell2.xib */,
			);
			path = UITableViewCell;
			sourceTree = "<group>";
		};
		6473AFA02020611C004CF072 = {
			isa = PBXGroup;
			children = (
				6473AFAB2020611C004CF072 /* LXMVVM */,
				6473AFAA2020611C004CF072 /* Products */,
				0EBA276731F236CEED769A29 /* Pods */,
				929D1903201293E3E2253A34 /* Frameworks */,
			);
			sourceTree = "<group>";
		};
		6473AFAA2020611C004CF072 /* Products */ = {
			isa = PBXGroup;
			children = (
				6473AFA92020611C004CF072 /* LXMVVM.app */,
			);
			name = Products;
			sourceTree = "<group>";
		};
		6473AFAB2020611C004CF072 /* LXMVVM */ = {
			isa = PBXGroup;
			children = (
				6473B11820206652004CF072 /* Mediator */,
				6473AFD1202064FB004CF072 /* Classes */,
				6473AFAC2020611C004CF072 /* AppDelegate.h */,
				6473AFAD2020611C004CF072 /* AppDelegate.m */,
				641D049320218B8200FE3DB0 /* HomePageViewModel.h */,
				641D049620218B8300FE3DB0 /* HomePageViewModel.m */,
				641D049520218B8200FE3DB0 /* LXHomePageViewController.h */,
				641D049420218B8200FE3DB0 /* LXHomePageViewController.m */,
				6473AFC620206360004CF072 /* Supporting Files */,
			);
			path = LXMVVM;
			sourceTree = "<group>";
		};
		6473AFC620206360004CF072 /* Supporting Files */ = {
			isa = PBXGroup;
			children = (
				6B49E961205A51110026D50A /* Global */,
				6B49E97E205A51110026D50A /* Resouces */,
				6473B126202066C4004CF072 /* PrefixHeader.pch */,
				6473AFB52020611C004CF072 /* Assets.xcassets */,
				6473AFBA2020611C004CF072 /* Info.plist */,
				6473AFBB2020611C004CF072 /* main.m */,
			);
			path = "Supporting Files";
			sourceTree = "<group>";
		};
		6473AFD1202064FB004CF072 /* Classes */ = {
			isa = PBXGroup;
			children = (
				641D045420218B5200FE3DB0 /* Connectors */,
				6473B0D7202065F2004CF072 /* Protocol */,
				6473B019202064FB004CF072 /* Base */,
			);
			path = Classes;
			sourceTree = "<group>";
		};
		6473B019202064FB004CF072 /* Base */ = {
			isa = PBXGroup;
			children = (
				6473B01A202064FB004CF072 /* BaseVC */,
				6473B01F202064FB004CF072 /* BaseVM */,
				641D0452202177DC00FE3DB0 /* LXNavigationControllerStack.h */,
				641D0451202177DC00FE3DB0 /* LXNavigationControllerStack.m */,
			);
			path = Base;
			sourceTree = "<group>";
		};
		6473B01A202064FB004CF072 /* BaseVC */ = {
			isa = PBXGroup;
			children = (
				641D04A020218C8600FE3DB0 /* LXTabBarController.h */,
				641D04A420218C8600FE3DB0 /* LXTabBarController.m */,
				6473B01E202064FB004CF072 /* LXTableViewController.h */,
				6473B01B202064FB004CF072 /* LXTableViewController.m */,
				6485BC3D202074660098C50E /* LXViewController.h */,
				6485BC3E202074660098C50E /* LXViewController.m */,
				641D04A120218C8600FE3DB0 /* Views */,
			);
			path = BaseVC;
			sourceTree = "<group>";
		};
		6473B01F202064FB004CF072 /* BaseVM */ = {
			isa = PBXGroup;
			children = (
				6473B021202064FB004CF072 /* LXTableViewModel.h */,
				6473B023202064FB004CF072 /* LXTableViewModel.m */,
				6473B020202064FB004CF072 /* LXViewModel.h */,
				6473B022202064FB004CF072 /* LXViewModel.m */,
			);
			path = BaseVM;
			sourceTree = "<group>";
		};
		6473B0D7202065F2004CF072 /* Protocol */ = {
			isa = PBXGroup;
			children = (
				6473B12C20206B96004CF072 /* model */,
				6473B13020206B96004CF072 /* view */,
				6473B12720206B96004CF072 /* viewModel */,
			);
			path = Protocol;
			sourceTree = "<group>";
		};
		6473B11820206652004CF072 /* Mediator */ = {
			isa = PBXGroup;
			children = (
				6473B11D20206652004CF072 /* LXBusConnectorPrt.h */,
				6473B12120206652004CF072 /* LXBusMediator.h */,
				6473B11C20206652004CF072 /* LXBusMediator.m */,
			);
			path = Mediator;
			sourceTree = "<group>";
		};
		6473B12720206B96004CF072 /* viewModel */ = {
			isa = PBXGroup;
			children = (
				6473B12920206B96004CF072 /* LXViewModelProtocol.h */,
				6473B12A20206B96004CF072 /* LXViewModelServices.h */,
				6473B12B20206B96004CF072 /* LXViewModelServicesImpl.h */,
				6473B12820206B96004CF072 /* LXViewModelServicesImpl.m */,
			);
			path = viewModel;
			sourceTree = "<group>";
		};
		6473B12C20206B96004CF072 /* model */ = {
			isa = PBXGroup;
			children = (
				6473B12D20206B96004CF072 /* LXModelServices.h */,
				6485BC39202072BF0098C50E /* LXModelServicesImpl.h */,
				6485BC3A202072BF0098C50E /* LXModelServicesImpl.m */,
			);
			path = model;
			sourceTree = "<group>";
		};
		6473B13020206B96004CF072 /* view */ = {
			isa = PBXGroup;
			children = (
				6485BC3C202073BD0098C50E /* LXViewProtocol.h */,
			);
			path = view;
			sourceTree = "<group>";
		};
		6B49E961205A51110026D50A /* Global */ = {
			isa = PBXGroup;
			children = (
				6B49E962205A51110026D50A /* Category */,
				6B49E965205A51110026D50A /* Utils */,
				6B49E96A205A51110026D50A /* Macro */,
				6B49E96D205A51110026D50A /* Vendor */,
			);
			path = Global;
			sourceTree = "<group>";
		};
		6B49E962205A51110026D50A /* Category */ = {
			isa = PBXGroup;
			children = (
				6B49E963205A51110026D50A /* UINavigationItem+MRCBackBarButtonItem.h */,
				6B49E964205A51110026D50A /* UINavigationItem+MRCBackBarButtonItem.m */,
			);
			path = Category;
			sourceTree = "<group>";
		};
		6B49E965205A51110026D50A /* Utils */ = {
			isa = PBXGroup;
			children = (
				6B49E966205A51110026D50A /* LXRouter.h */,
				6B49E967205A51110026D50A /* Function.m */,
				6B49E968205A51110026D50A /* LXRouter.m */,
				6B49E969205A51110026D50A /* Function.h */,
			);
			path = Utils;
			sourceTree = "<group>";
		};
		6B49E96A205A51110026D50A /* Macro */ = {
			isa = PBXGroup;
			children = (
				6B49E96B205A51110026D50A /* LX_Headers.h */,
				6B49E96C205A51110026D50A /* LX_Constant.h */,
			);
			path = Macro;
			sourceTree = "<group>";
		};
		6B49E96D205A51110026D50A /* Vendor */ = {
			isa = PBXGroup;
			children = (
				6B49E96E205A51110026D50A /* TWMessageBarManager */,
				6B49E97B205A51110026D50A /* UIViewExt */,
			);
			path = Vendor;
			sourceTree = "<group>";
		};
		6B49E96E205A51110026D50A /* TWMessageBarManager */ = {
			isa = PBXGroup;
			children = (
				6B49E96F205A51110026D50A /* LICENSE */,
				6B49E970205A51110026D50A /* Classes */,
				6B49E97A205A51110026D50A /* README.md */,
			);
			path = TWMessageBarManager;
			sourceTree = "<group>";
		};
		6B49E970205A51110026D50A /* Classes */ = {
			isa = PBXGroup;
			children = (
				6B49E971205A51110026D50A /* TWMessageBarManager.m */,
				6B49E972205A51110026D50A /* Icons */,
				6B49E979205A51110026D50A /* TWMessageBarManager.h */,
			);
			path = Classes;
			sourceTree = "<group>";
		};
		6B49E972205A51110026D50A /* Icons */ = {
			isa = PBXGroup;
			children = (
				6B49E973205A51110026D50A /* icon-info@2x.png */,
				6B49E974205A51110026D50A /* icon-error.png */,
				6B49E975205A51110026D50A /* icon-info.png */,
				6B49E976205A51110026D50A /* icon-success@2x.png */,
				6B49E977205A51110026D50A /* icon-error@2x.png */,
				6B49E978205A51110026D50A /* icon-success.png */,
			);
			path = Icons;
			sourceTree = "<group>";
		};
		6B49E97B205A51110026D50A /* UIViewExt */ = {
			isa = PBXGroup;
			children = (
				6B49E97C205A51110026D50A /* UIViewExt.m */,
				6B49E97D205A51110026D50A /* UIViewExt.h */,
			);
			path = UIViewExt;
			sourceTree = "<group>";
		};
		6B49E97E205A51110026D50A /* Resouces */ = {
			isa = PBXGroup;
			children = (
				6B49E97F205A51110026D50A /* 3X */,
				6B49E984205A51110026D50A /* 2X */,
			);
			path = Resouces;
			sourceTree = "<group>";
		};
		6B49E97F205A51110026D50A /* 3X */ = {
			isa = PBXGroup;
			children = (
				6B49E980205A51110026D50A /* more_s@3x.png */,
				6B49E981205A51110026D50A /* home_s@3x.png */,
				6B49E982205A51110026D50A /* mine_s@3x.png */,
				6B49E983205A51110026D50A /* money_s@3x.png */,
			);
			path = 3X;
			sourceTree = "<group>";
		};
		6B49E984205A51110026D50A /* 2X */ = {
			isa = PBXGroup;
			children = (
				6B49E985205A51110026D50A /* more_s@2x.png */,
				6B49E986205A51110026D50A /* mine_s@2x.png */,
				6B49E987205A51110026D50A /* home_s@2x.png */,
				6B49E988205A51110026D50A /* money_s@2x.png */,
			);
			path = 2X;
			sourceTree = "<group>";
		};
		929D1903201293E3E2253A34 /* Frameworks */ = {
			isa = PBXGroup;
			children = (
				7C8F424EC18CAACFEE9FCE57 /* libPods-LXMVVM.a */,
			);
			name = Frameworks;
			sourceTree = "<group>";
		};
/* End PBXGroup section */

/* Begin PBXNativeTarget section */
		6473AFA82020611C004CF072 /* LXMVVM */ = {
			isa = PBXNativeTarget;
			buildConfigurationList = 6473AFBF2020611C004CF072 /* Build configuration list for PBXNativeTarget "LXMVVM" */;
			buildPhases = (
				F5D557DC6A557D32CB3E4275 /* [CP] Check Pods Manifest.lock */,
				6473AFA52020611C004CF072 /* Sources */,
				6473AFA62020611C004CF072 /* Frameworks */,
				6473AFA72020611C004CF072 /* Resources */,
				605C8DDE48BE77E3FE93A401 /* [CP] Embed Pods Frameworks */,
				B8485E102099D584B2E4E5FC /* [CP] Copy Pods Resources */,
			);
			buildRules = (
			);
			dependencies = (
			);
			name = LXMVVM;
			productName = LXMVVM;
			productReference = 6473AFA92020611C004CF072 /* LXMVVM.app */;
			productType = "com.apple.product-type.application";
		};
/* End PBXNativeTarget section */

/* Begin PBXProject section */
		6473AFA12020611C004CF072 /* Project object */ = {
			isa = PBXProject;
			attributes = {
				LastUpgradeCheck = 0920;
				ORGANIZATIONNAME = maser;
				TargetAttributes = {
					6473AFA82020611C004CF072 = {
						CreatedOnToolsVersion = 9.2;
						ProvisioningStyle = Automatic;
					};
				};
			};
			buildConfigurationList = 6473AFA42020611C004CF072 /* Build configuration list for PBXProject "LXMVVM" */;
			compatibilityVersion = "Xcode 8.0";
			developmentRegion = en;
			hasScannedForEncodings = 0;
			knownRegions = (
				en,
				Base,
			);
			mainGroup = 6473AFA02020611C004CF072;
			productRefGroup = 6473AFAA2020611C004CF072 /* Products */;
			projectDirPath = "";
			projectRoot = "";
			targets = (
				6473AFA82020611C004CF072 /* LXMVVM */,
			);
		};
/* End PBXProject section */

/* Begin PBXResourcesBuildPhase section */
		6473AFA72020611C004CF072 /* Resources */ = {
			isa = PBXResourcesBuildPhase;
			buildActionMask = 2147483647;
			files = (
				6B49E996205A51110026D50A /* more_s@3x.png in Resources */,
				643A52D9202197F500E57E68 /* FirstViewController.xib in Resources */,
				6B49E997205A51110026D50A /* home_s@3x.png in Resources */,
				6473AFB62020611C004CF072 /* Assets.xcassets in Resources */,
				6B49E98C205A51110026D50A /* LICENSE in Resources */,
				6B49E990205A51110026D50A /* icon-info.png in Resources */,
				6B49E993205A51110026D50A /* icon-success.png in Resources */,
				6B49E999205A51110026D50A /* money_s@3x.png in Resources */,
				6B49E98E205A51110026D50A /* icon-info@2x.png in Resources */,
				6B49E998205A51110026D50A /* mine_s@3x.png in Resources */,
				641D048820218B5200FE3DB0 /* SecondViewController.xib in Resources */,
				6B49E99D205A51110026D50A /* money_s@2x.png in Resources */,
				6B49E99B205A51110026D50A /* mine_s@2x.png in Resources */,
				641D048720218B5200FE3DB0 /* SecondCell.xib in Resources */,
				6B49E99C205A51110026D50A /* home_s@2x.png in Resources */,
				641D048120218B5200FE3DB0 /* ThirdViewController.xib in Resources */,
				643A52DA202197F500E57E68 /* FirstDetailViewController.xib in Resources */,
				643A52D8202197F500E57E68 /* SYDetailCell2.xib in Resources */,
				6B49E99A205A51110026D50A /* more_s@2x.png in Resources */,
				6B49E98F205A51110026D50A /* icon-error.png in Resources */,
				6B49E994205A51110026D50A /* README.md in Resources */,
				6B49E991205A51110026D50A /* icon-success@2x.png in Resources */,
				6B49E992205A51110026D50A /* icon-error@2x.png in Resources */,
			);
			runOnlyForDeploymentPostprocessing = 0;
		};
/* End PBXResourcesBuildPhase section */

/* Begin PBXShellScriptBuildPhase section */
		605C8DDE48BE77E3FE93A401 /* [CP] Embed Pods Frameworks */ = {
			isa = PBXShellScriptBuildPhase;
			buildActionMask = 2147483647;
			files = (
			);
			inputPaths = (
			);
			name = "[CP] Embed Pods Frameworks";
			outputPaths = (
			);
			runOnlyForDeploymentPostprocessing = 0;
			shellPath = /bin/sh;
			shellScript = "\"${SRCROOT}/Pods/Target Support Files/Pods-LXMVVM/Pods-LXMVVM-frameworks.sh\"\n";
			showEnvVarsInLog = 0;
		};
		B8485E102099D584B2E4E5FC /* [CP] Copy Pods Resources */ = {
			isa = PBXShellScriptBuildPhase;
			buildActionMask = 2147483647;
			files = (
			);
			inputPaths = (
			);
			name = "[CP] Copy Pods Resources";
			outputPaths = (
			);
			runOnlyForDeploymentPostprocessing = 0;
			shellPath = /bin/sh;
			shellScript = "\"${SRCROOT}/Pods/Target Support Files/Pods-LXMVVM/Pods-LXMVVM-resources.sh\"\n";
			showEnvVarsInLog = 0;
		};
		F5D557DC6A557D32CB3E4275 /* [CP] Check Pods Manifest.lock */ = {
			isa = PBXShellScriptBuildPhase;
			buildActionMask = 2147483647;
			files = (
			);
			inputPaths = (
				"${PODS_PODFILE_DIR_PATH}/Podfile.lock",
				"${PODS_ROOT}/Manifest.lock",
			);
			name = "[CP] Check Pods Manifest.lock";
			outputPaths = (
				"$(DERIVED_FILE_DIR)/Pods-LXMVVM-checkManifestLockResult.txt",
			);
			runOnlyForDeploymentPostprocessing = 0;
			shellPath = /bin/sh;
			shellScript = "diff \"${PODS_PODFILE_DIR_PATH}/Podfile.lock\" \"${PODS_ROOT}/Manifest.lock\" > /dev/null\nif [ $? != 0 ] ; then\n    # print error to STDERR\n    echo \"error: The sandbox is not in sync with the Podfile.lock. Run 'pod install' or update your CocoaPods installation.\" >&2\n    exit 1\nfi\n# This output is used by Xcode 'outputs' to avoid re-running this script phase.\necho \"SUCCESS\" > \"${SCRIPT_OUTPUT_FILE_0}\"\n";
			showEnvVarsInLog = 0;
		};
/* End PBXShellScriptBuildPhase section */

/* Begin PBXSourcesBuildPhase section */
		6473AFA52020611C004CF072 /* Sources */ = {
			isa = PBXSourcesBuildPhase;
			buildActionMask = 2147483647;
			files = (
				6B49E98D205A51110026D50A /* TWMessageBarManager.m in Sources */,
				643A52D4202197F500E57E68 /* FirstViewModel.m in Sources */,
				641D04B420218FC200FE3DB0 /* JianceListModel.m in Sources */,
				6473B059202064FB004CF072 /* LXViewModel.m in Sources */,
				641D04A620218C8600FE3DB0 /* LXTabBarController.m in Sources */,
				641D0453202177DC00FE3DB0 /* LXNavigationControllerStack.m in Sources */,
				6473B13220206B96004CF072 /* LXViewModelServicesImpl.m in Sources */,
				641D048420218B5200FE3DB0 /* SecondViewModel.m in Sources */,
				6473B12220206652004CF072 /* LXBusMediator.m in Sources */,
				6473B057202064FB004CF072 /* LXTableViewController.m in Sources */,
				6B49E989205A51110026D50A /* UINavigationItem+MRCBackBarButtonItem.m in Sources */,
				6B49E98B205A51110026D50A /* LXRouter.m in Sources */,
				641D049820218B8300FE3DB0 /* HomePageViewModel.m in Sources */,
				641D048320218B5200FE3DB0 /* Connector_C.m in Sources */,
				6473B05A202064FB004CF072 /* LXTableViewModel.m in Sources */,
				641D048920218B5200FE3DB0 /* SecondViewController.m in Sources */,
				6B49E995205A51110026D50A /* UIViewExt.m in Sources */,
				641D048620218B5200FE3DB0 /* SecondCell.m in Sources */,
				641D048520218B5200FE3DB0 /* Connector_B.m in Sources */,
				6485BC3F202074660098C50E /* LXViewController.m in Sources */,
				6B49E98A205A51110026D50A /* Function.m in Sources */,
				6473AFBC2020611C004CF072 /* main.m in Sources */,
				641D048020218B5200FE3DB0 /* ThirdViewModel.m in Sources */,
				6485BC3B202072BF0098C50E /* LXModelServicesImpl.m in Sources */,
				643A52DB202197F500E57E68 /* FirstViewController.m in Sources */,
				641D049720218B8300FE3DB0 /* LXHomePageViewController.m in Sources */,
				643A52DC202197F500E57E68 /* FirstDetailViewController.m in Sources */,
				643A52D5202197F500E57E68 /* Connector_A.m in Sources */,
				641D048220218B5200FE3DB0 /* ThirdViewController.m in Sources */,
				6473AFAE2020611C004CF072 /* AppDelegate.m in Sources */,
				643A52D3202197F500E57E68 /* FirstDetailViewModel.m in Sources */,
				643A52D7202197F500E57E68 /* SYDetailCell2.m in Sources */,
				641D04A520218C8600FE3DB0 /* LXTableViewCellStyleValue1.m in Sources */,
				643A52D6202197F500E57E68 /* CommentModel.m in Sources */,
			);
			runOnlyForDeploymentPostprocessing = 0;
		};
/* End PBXSourcesBuildPhase section */

/* Begin XCBuildConfiguration section */
		6473AFBD2020611C004CF072 /* Debug */ = {
			isa = XCBuildConfiguration;
			buildSettings = {
				ALWAYS_SEARCH_USER_PATHS = NO;
				CLANG_ANALYZER_NONNULL = YES;
				CLANG_ANALYZER_NUMBER_OBJECT_CONVERSION = YES_AGGRESSIVE;
				CLANG_CXX_LANGUAGE_STANDARD = "gnu++14";
				CLANG_CXX_LIBRARY = "libc++";
				CLANG_ENABLE_MODULES = YES;
				CLANG_ENABLE_OBJC_ARC = YES;
				CLANG_WARN_BLOCK_CAPTURE_AUTORELEASING = YES;
				CLANG_WARN_BOOL_CONVERSION = YES;
				CLANG_WARN_COMMA = YES;
				CLANG_WARN_CONSTANT_CONVERSION = YES;
				CLANG_WARN_DIRECT_OBJC_ISA_USAGE = YES_ERROR;
				CLANG_WARN_DOCUMENTATION_COMMENTS = YES;
				CLANG_WARN_EMPTY_BODY = YES;
				CLANG_WARN_ENUM_CONVERSION = YES;
				CLANG_WARN_INFINITE_RECURSION = YES;
				CLANG_WARN_INT_CONVERSION = YES;
				CLANG_WARN_NON_LITERAL_NULL_CONVERSION = YES;
				CLANG_WARN_OBJC_LITERAL_CONVERSION = YES;
				CLANG_WARN_OBJC_ROOT_CLASS = YES_ERROR;
				CLANG_WARN_RANGE_LOOP_ANALYSIS = YES;
				CLANG_WARN_STRICT_PROTOTYPES = YES;
				CLANG_WARN_SUSPICIOUS_MOVE = YES;
				CLANG_WARN_UNGUARDED_AVAILABILITY = YES_AGGRESSIVE;
				CLANG_WARN_UNREACHABLE_CODE = YES;
				CLANG_WARN__DUPLICATE_METHOD_MATCH = YES;
				CODE_SIGN_IDENTITY = "iPhone Developer";
				COPY_PHASE_STRIP = NO;
				DEBUG_INFORMATION_FORMAT = dwarf;
				ENABLE_STRICT_OBJC_MSGSEND = YES;
				ENABLE_TESTABILITY = YES;
				GCC_C_LANGUAGE_STANDARD = gnu11;
				GCC_DYNAMIC_NO_PIC = NO;
				GCC_NO_COMMON_BLOCKS = YES;
				GCC_OPTIMIZATION_LEVEL = 0;
				GCC_PREPROCESSOR_DEFINITIONS = (
					"DEBUG=1",
					"$(inherited)",
				);
				GCC_WARN_64_TO_32_BIT_CONVERSION = YES;
				GCC_WARN_ABOUT_RETURN_TYPE = YES_ERROR;
				GCC_WARN_UNDECLARED_SELECTOR = YES;
				GCC_WARN_UNINITIALIZED_AUTOS = YES_AGGRESSIVE;
				GCC_WARN_UNUSED_FUNCTION = YES;
				GCC_WARN_UNUSED_VARIABLE = YES;
				IPHONEOS_DEPLOYMENT_TARGET = 11.2;
				MTL_ENABLE_DEBUG_INFO = YES;
				ONLY_ACTIVE_ARCH = YES;
				SDKROOT = iphoneos;
			};
			name = Debug;
		};
		6473AFBE2020611C004CF072 /* Release */ = {
			isa = XCBuildConfiguration;
			buildSettings = {
				ALWAYS_SEARCH_USER_PATHS = NO;
				CLANG_ANALYZER_NONNULL = YES;
				CLANG_ANALYZER_NUMBER_OBJECT_CONVERSION = YES_AGGRESSIVE;
				CLANG_CXX_LANGUAGE_STANDARD = "gnu++14";
				CLANG_CXX_LIBRARY = "libc++";
				CLANG_ENABLE_MODULES = YES;
				CLANG_ENABLE_OBJC_ARC = YES;
				CLANG_WARN_BLOCK_CAPTURE_AUTORELEASING = YES;
				CLANG_WARN_BOOL_CONVERSION = YES;
				CLANG_WARN_COMMA = YES;
				CLANG_WARN_CONSTANT_CONVERSION = YES;
				CLANG_WARN_DIRECT_OBJC_ISA_USAGE = YES_ERROR;
				CLANG_WARN_DOCUMENTATION_COMMENTS = YES;
				CLANG_WARN_EMPTY_BODY = YES;
				CLANG_WARN_ENUM_CONVERSION = YES;
				CLANG_WARN_INFINITE_RECURSION = YES;
				CLANG_WARN_INT_CONVERSION = YES;
				CLANG_WARN_NON_LITERAL_NULL_CONVERSION = YES;
				CLANG_WARN_OBJC_LITERAL_CONVERSION = YES;
				CLANG_WARN_OBJC_ROOT_CLASS = YES_ERROR;
				CLANG_WARN_RANGE_LOOP_ANALYSIS = YES;
				CLANG_WARN_STRICT_PROTOTYPES = YES;
				CLANG_WARN_SUSPICIOUS_MOVE = YES;
				CLANG_WARN_UNGUARDED_AVAILABILITY = YES_AGGRESSIVE;
				CLANG_WARN_UNREACHABLE_CODE = YES;
				CLANG_WARN__DUPLICATE_METHOD_MATCH = YES;
				CODE_SIGN_IDENTITY = "iPhone Developer";
				COPY_PHASE_STRIP = NO;
				DEBUG_INFORMATION_FORMAT = "dwarf-with-dsym";
				ENABLE_NS_ASSERTIONS = NO;
				ENABLE_STRICT_OBJC_MSGSEND = YES;
				GCC_C_LANGUAGE_STANDARD = gnu11;
				GCC_NO_COMMON_BLOCKS = YES;
				GCC_WARN_64_TO_32_BIT_CONVERSION = YES;
				GCC_WARN_ABOUT_RETURN_TYPE = YES_ERROR;
				GCC_WARN_UNDECLARED_SELECTOR = YES;
				GCC_WARN_UNINITIALIZED_AUTOS = YES_AGGRESSIVE;
				GCC_WARN_UNUSED_FUNCTION = YES;
				GCC_WARN_UNUSED_VARIABLE = YES;
				IPHONEOS_DEPLOYMENT_TARGET = 11.2;
				MTL_ENABLE_DEBUG_INFO = NO;
				SDKROOT = iphoneos;
				VALIDATE_PRODUCT = YES;
			};
			name = Release;
		};
		6473AFC02020611C004CF072 /* Debug */ = {
			isa = XCBuildConfiguration;
			baseConfigurationReference = AAB52764A04167D66495419D /* Pods-LXMVVM.debug.xcconfig */;
			buildSettings = {
				ASSETCATALOG_COMPILER_APPICON_NAME = AppIcon;
				ASSETCATALOG_COMPILER_LAUNCHIMAGE_NAME = "Brand Assets-2";
				CODE_SIGN_STYLE = Automatic;
				DEVELOPMENT_TEAM = N23JCNDY5X;
				ENABLE_BITCODE = NO;
				GCC_PREFIX_HEADER = "$(SRCROOT)/LXMVVM/Supporting Files/PrefixHeader.pch";
				INFOPLIST_FILE = "$(SRCROOT)/LXMVVM/Supporting Files/Info.plist";
				IPHONEOS_DEPLOYMENT_TARGET = 9.0;
				LD_RUNPATH_SEARCH_PATHS = "$(inherited) @executable_path/Frameworks";
				PRODUCT_BUNDLE_IDENTIFIER = com.Lenovo.maser.LXMVVM;
				PRODUCT_NAME = "$(TARGET_NAME)";
				TARGETED_DEVICE_FAMILY = "1,2";
			};
			name = Debug;
		};
		6473AFC12020611C004CF072 /* Release */ = {
			isa = XCBuildConfiguration;
			baseConfigurationReference = A192EC86F1FBECF832461DA2 /* Pods-LXMVVM.release.xcconfig */;
			buildSettings = {
				ASSETCATALOG_COMPILER_APPICON_NAME = AppIcon;
				ASSETCATALOG_COMPILER_LAUNCHIMAGE_NAME = "Brand Assets-2";
				CODE_SIGN_STYLE = Automatic;
				DEVELOPMENT_TEAM = N23JCNDY5X;
				ENABLE_BITCODE = NO;
				GCC_PREFIX_HEADER = "$(SRCROOT)/LXMVVM/Supporting Files/PrefixHeader.pch";
				INFOPLIST_FILE = "$(SRCROOT)/LXMVVM/Supporting Files/Info.plist";
				IPHONEOS_DEPLOYMENT_TARGET = 9.0;
				LD_RUNPATH_SEARCH_PATHS = "$(inherited) @executable_path/Frameworks";
				PRODUCT_BUNDLE_IDENTIFIER = com.Lenovo.maser.LXMVVM;
				PRODUCT_NAME = "$(TARGET_NAME)";
				TARGETED_DEVICE_FAMILY = "1,2";
			};
			name = Release;
		};
/* End XCBuildConfiguration section */

/* Begin XCConfigurationList section */
		6473AFA42020611C004CF072 /* Build configuration list for PBXProject "LXMVVM" */ = {
			isa = XCConfigurationList;
			buildConfigurations = (
				6473AFBD2020611C004CF072 /* Debug */,
				6473AFBE2020611C004CF072 /* Release */,
			);
			defaultConfigurationIsVisible = 0;
			defaultConfigurationName = Release;
		};
		6473AFBF2020611C004CF072 /* Build configuration list for PBXNativeTarget "LXMVVM" */ = {
			isa = XCConfigurationList;
			buildConfigurations = (
				6473AFC02020611C004CF072 /* Debug */,
				6473AFC12020611C004CF072 /* Release */,
			);
			defaultConfigurationIsVisible = 0;
			defaultConfigurationName = Release;
		};
/* End XCConfigurationList section */
	};
	rootObject = 6473AFA12020611C004CF072 /* Project object */;
}
